
Microsoft Visual Studio Solution File, Format Version 12.00
# Visual Studio Version 16
VisualStudioVersion = 16.0.31729.503
MinimumVisualStudioVersion = 10.0.40219.1
Project("{FAE04EC0-301F-11D3-BF4B-00C04F79EFBC}") = "Stardrop", "Stardrop.csproj", "{222BEEB3-CA85-466F-BBCB-E38A421568F2}"
EndProject
Global
	GlobalSection(SolutionConfigurationPlatforms) = preSolution
		Debug|Any CPU = Debug|Any CPU
		Release|Any CPU = Release|Any CPU
	EndGlobalSection
	GlobalSection(ProjectConfigurationPlatforms) = postSolution
		{222BEEB3-CA85-466F-BBCB-E38A421568F2}.Debug|Any CPU.ActiveCfg = Debug|Any CPU
		{222BEEB3-CA85-466F-BBCB-E38A421568F2}.Debug|Any CPU.Build.0 = Debug|Any CPU
		{222BEEB3-CA85-466F-BBCB-E38A421568F2}.Release|Any CPU.ActiveCfg = Release|Any CPU
		{222BEEB3-CA85-466F-BBCB-E38A421568F2}.Release|Any CPU.Build.0 = Release|Any CPU
	EndGlobalSection
	GlobalSection(SolutionProperties) = preSolution
		HideSolutionNode = FALSE
	EndGlobalSection
	GlobalSection(ExtensibilityGlobals) = postSolution
		SolutionGuid = {82C9803E-F8A5-459A-8EEA-133C65768CEB}
	EndGlobalSection
EndGlobal
